// !$*UTF8*$!
{
	archiveVersion = 1;
	classes = {
	};
	objectVersion = 56;
	objects = {

/* Begin PBXBuildFile section */
		890BA9EB2A4F1E2E007E77F1 /* Pokemon-Hollow.ttf in Resources */ = {isa = PBXBuildFile; fileRef = 89F925652A4C8B9C00BA8D42 /* Pokemon-Hollow.ttf */; };
		890BA9EF2A4F2048007E77F1 /* FontsEnum.swift in Sources */ = {isa = PBXBuildFile; fileRef = 890BA9EE2A4F2048007E77F1 /* FontsEnum.swift */; };
		890BA9F42A4FBB76007E77F1 /* ApiManager.swift in Sources */ = {isa = PBXBuildFile; fileRef = 890BA9F32A4FBB76007E77F1 /* ApiManager.swift */; };
		89F9254B2A4C75CA00BA8D42 /* AppDelegate.swift in Sources */ = {isa = PBXBuildFile; fileRef = 89F9254A2A4C75CA00BA8D42 /* AppDelegate.swift */; };
		89F9254D2A4C75CA00BA8D42 /* SceneDelegate.swift in Sources */ = {isa = PBXBuildFile; fileRef = 89F9254C2A4C75CA00BA8D42 /* SceneDelegate.swift */; };
		89F925542A4C75CD00BA8D42 /* Assets.xcassets in Resources */ = {isa = PBXBuildFile; fileRef = 89F925532A4C75CD00BA8D42 /* Assets.xcassets */; };
		89F925572A4C75CD00BA8D42 /* LaunchScreen.storyboard in Resources */ = {isa = PBXBuildFile; fileRef = 89F925552A4C75CD00BA8D42 /* LaunchScreen.storyboard */; };
		89F9256F2A4C8F5100BA8D42 /* HomePresenter.swift in Sources */ = {isa = PBXBuildFile; fileRef = 89F925692A4C8F5100BA8D42 /* HomePresenter.swift */; };
		89F925702A4C8F5100BA8D42 /* HomeWorker.swift in Sources */ = {isa = PBXBuildFile; fileRef = 89F9256A2A4C8F5100BA8D42 /* HomeWorker.swift */; };
		89F925712A4C8F5100BA8D42 /* HomeRouter.swift in Sources */ = {isa = PBXBuildFile; fileRef = 89F9256B2A4C8F5100BA8D42 /* HomeRouter.swift */; };
		89F925722A4C8F5100BA8D42 /* HomeModels.swift in Sources */ = {isa = PBXBuildFile; fileRef = 89F9256C2A4C8F5100BA8D42 /* HomeModels.swift */; };
		89F925732A4C8F5100BA8D42 /* HomeViewController.swift in Sources */ = {isa = PBXBuildFile; fileRef = 89F9256D2A4C8F5100BA8D42 /* HomeViewController.swift */; };
		89F925742A4C8F5100BA8D42 /* HomeInteractor.swift in Sources */ = {isa = PBXBuildFile; fileRef = 89F9256E2A4C8F5100BA8D42 /* HomeInteractor.swift */; };
		89F925762A4F176100BA8D42 /* PokemonCardViewCell.swift in Sources */ = {isa = PBXBuildFile; fileRef = 89F925752A4F176100BA8D42 /* PokemonCardViewCell.swift */; };
		89F925782A4F19F300BA8D42 /* PokemonTypeViewCell.swift in Sources */ = {isa = PBXBuildFile; fileRef = 89F925772A4F19F300BA8D42 /* PokemonTypeViewCell.swift */; };
		89F9257A2A4F1C9500BA8D42 /* Pokemon-Solid.ttf in Resources */ = {isa = PBXBuildFile; fileRef = 89F925662A4C8B9C00BA8D42 /* Pokemon-Solid.ttf */; };
/* End PBXBuildFile section */

/* Begin PBXFileReference section */
		890BA9EE2A4F2048007E77F1 /* FontsEnum.swift */ = {isa = PBXFileReference; lastKnownFileType = sourcecode.swift; path = FontsEnum.swift; sourceTree = "<group>"; };
		890BA9F32A4FBB76007E77F1 /* ApiManager.swift */ = {isa = PBXFileReference; lastKnownFileType = sourcecode.swift; path = ApiManager.swift; sourceTree = "<group>"; };
		89F925472A4C75CA00BA8D42 /* ios-vip-pokedex.app */ = {isa = PBXFileReference; explicitFileType = wrapper.application; includeInIndex = 0; path = "ios-vip-pokedex.app"; sourceTree = BUILT_PRODUCTS_DIR; };
		89F9254A2A4C75CA00BA8D42 /* AppDelegate.swift */ = {isa = PBXFileReference; lastKnownFileType = sourcecode.swift; path = AppDelegate.swift; sourceTree = "<group>"; };
		89F9254C2A4C75CA00BA8D42 /* SceneDelegate.swift */ = {isa = PBXFileReference; lastKnownFileType = sourcecode.swift; path = SceneDelegate.swift; sourceTree = "<group>"; };
		89F925532A4C75CD00BA8D42 /* Assets.xcassets */ = {isa = PBXFileReference; lastKnownFileType = folder.assetcatalog; path = Assets.xcassets; sourceTree = "<group>"; };
		89F925562A4C75CD00BA8D42 /* Base */ = {isa = PBXFileReference; lastKnownFileType = file.storyboard; name = Base; path = Base.lproj/LaunchScreen.storyboard; sourceTree = "<group>"; };
		89F925582A4C75CD00BA8D42 /* Info.plist */ = {isa = PBXFileReference; lastKnownFileType = text.plist.xml; path = Info.plist; sourceTree = "<group>"; };
		89F925652A4C8B9C00BA8D42 /* Pokemon-Hollow.ttf */ = {isa = PBXFileReference; lastKnownFileType = file; path = "Pokemon-Hollow.ttf"; sourceTree = "<group>"; };
		89F925662A4C8B9C00BA8D42 /* Pokemon-Solid.ttf */ = {isa = PBXFileReference; lastKnownFileType = file; path = "Pokemon-Solid.ttf"; sourceTree = "<group>"; };
		89F925692A4C8F5100BA8D42 /* HomePresenter.swift */ = {isa = PBXFileReference; lastKnownFileType = sourcecode.swift; path = HomePresenter.swift; sourceTree = "<group>"; };
		89F9256A2A4C8F5100BA8D42 /* HomeWorker.swift */ = {isa = PBXFileReference; lastKnownFileType = sourcecode.swift; path = HomeWorker.swift; sourceTree = "<group>"; };
		89F9256B2A4C8F5100BA8D42 /* HomeRouter.swift */ = {isa = PBXFileReference; lastKnownFileType = sourcecode.swift; path = HomeRouter.swift; sourceTree = "<group>"; };
		89F9256C2A4C8F5100BA8D42 /* HomeModels.swift */ = {isa = PBXFileReference; lastKnownFileType = sourcecode.swift; path = HomeModels.swift; sourceTree = "<group>"; };
		89F9256D2A4C8F5100BA8D42 /* HomeViewController.swift */ = {isa = PBXFileReference; lastKnownFileType = sourcecode.swift; path = HomeViewController.swift; sourceTree = "<group>"; };
		89F9256E2A4C8F5100BA8D42 /* HomeInteractor.swift */ = {isa = PBXFileReference; lastKnownFileType = sourcecode.swift; path = HomeInteractor.swift; sourceTree = "<group>"; };
		89F925752A4F176100BA8D42 /* PokemonCardViewCell.swift */ = {isa = PBXFileReference; lastKnownFileType = sourcecode.swift; path = PokemonCardViewCell.swift; sourceTree = "<group>"; };
		89F925772A4F19F300BA8D42 /* PokemonTypeViewCell.swift */ = {isa = PBXFileReference; lastKnownFileType = sourcecode.swift; path = PokemonTypeViewCell.swift; sourceTree = "<group>"; };
/* End PBXFileReference section */

/* Begin PBXFrameworksBuildPhase section */
		89F925442A4C75CA00BA8D42 /* Frameworks */ = {
			isa = PBXFrameworksBuildPhase;
			buildActionMask = 2147483647;
			files = (
			);
			runOnlyForDeploymentPostprocessing = 0;
		};
/* End PBXFrameworksBuildPhase section */

/* Begin PBXGroup section */
		890BA9EC2A4F1FDC007E77F1 /* Resources */ = {
			isa = PBXGroup;
			children = (
				89F9255E2A4C889D00BA8D42 /* Fonts */,
			);
			path = Resources;
			sourceTree = "<group>";
		};
		890BA9ED2A4F202F007E77F1 /* Enum */ = {
			isa = PBXGroup;
			children = (
				890BA9EE2A4F2048007E77F1 /* FontsEnum.swift */,
			);
			path = Enum;
			sourceTree = "<group>";
		};
		890BA9F52A51D131007E77F1 /* Scenes */ = {
			isa = PBXGroup;
			children = (
				89F925682A4C8F2E00BA8D42 /* Home */,
			);
			path = Scenes;
			sourceTree = "<group>";
		};
		890BA9F62A51D19B007E77F1 /* Domain */ = {
			isa = PBXGroup;
			children = (
				890BA9F52A51D131007E77F1 /* Scenes */,
			);
			path = Domain;
			sourceTree = "<group>";
		};
		89F9253E2A4C75CA00BA8D42 = {
			isa = PBXGroup;
			children = (
				89F925492A4C75CA00BA8D42 /* ios-vip-pokedex */,
				89F925482A4C75CA00BA8D42 /* Products */,
			);
			sourceTree = "<group>";
		};
		89F925482A4C75CA00BA8D42 /* Products */ = {
			isa = PBXGroup;
			children = (
				89F925472A4C75CA00BA8D42 /* ios-vip-pokedex.app */,
			);
			name = Products;
			sourceTree = "<group>";
		};
		89F925492A4C75CA00BA8D42 /* ios-vip-pokedex */ = {
			isa = PBXGroup;
			children = (
				890BA9F62A51D19B007E77F1 /* Domain */,
				890BA9ED2A4F202F007E77F1 /* Enum */,
				890BA9EC2A4F1FDC007E77F1 /* Resources */,
				89F9254A2A4C75CA00BA8D42 /* AppDelegate.swift */,
				89F9254C2A4C75CA00BA8D42 /* SceneDelegate.swift */,
				89F925532A4C75CD00BA8D42 /* Assets.xcassets */,
				89F925552A4C75CD00BA8D42 /* LaunchScreen.storyboard */,
				89F925582A4C75CD00BA8D42 /* Info.plist */,
				890BA9F32A4FBB76007E77F1 /* ApiManager.swift */,
			);
			path = "ios-vip-pokedex";
			sourceTree = "<group>";
		};
		89F9255E2A4C889D00BA8D42 /* Fonts */ = {
			isa = PBXGroup;
			children = (
				89F925652A4C8B9C00BA8D42 /* Pokemon-Hollow.ttf */,
				89F925662A4C8B9C00BA8D42 /* Pokemon-Solid.ttf */,
			);
			path = Fonts;
			sourceTree = "<group>";
		};
		89F925672A4C8EFB00BA8D42 /* components */ = {
			isa = PBXGroup;
			children = (
				89F925752A4F176100BA8D42 /* PokemonCardViewCell.swift */,
				89F925772A4F19F300BA8D42 /* PokemonTypeViewCell.swift */,
			);
			path = components;
			sourceTree = "<group>";
		};
		89F925682A4C8F2E00BA8D42 /* Home */ = {
			isa = PBXGroup;
			children = (
				89F925672A4C8EFB00BA8D42 /* components */,
				89F925692A4C8F5100BA8D42 /* HomePresenter.swift */,
				89F9256A2A4C8F5100BA8D42 /* HomeWorker.swift */,
				89F9256B2A4C8F5100BA8D42 /* HomeRouter.swift */,
				89F9256C2A4C8F5100BA8D42 /* HomeModels.swift */,
				89F9256D2A4C8F5100BA8D42 /* HomeViewController.swift */,
				89F9256E2A4C8F5100BA8D42 /* HomeInteractor.swift */,
			);
			path = Home;
			sourceTree = "<group>";
		};
/* End PBXGroup section */

/* Begin PBXNativeTarget section */
		89F925462A4C75CA00BA8D42 /* ios-vip-pokedex */ = {
			isa = PBXNativeTarget;
			buildConfigurationList = 89F9255B2A4C75CD00BA8D42 /* Build configuration list for PBXNativeTarget "ios-vip-pokedex" */;
			buildPhases = (
				89F925432A4C75CA00BA8D42 /* Sources */,
				89F925442A4C75CA00BA8D42 /* Frameworks */,
				89F925452A4C75CA00BA8D42 /* Resources */,
			);
			buildRules = (
			);
			dependencies = (
			);
			name = "ios-vip-pokedex";
			productName = "ios-vip-pokedex";
			productReference = 89F925472A4C75CA00BA8D42 /* ios-vip-pokedex.app */;
			productType = "com.apple.product-type.application";
		};
/* End PBXNativeTarget section */

/* Begin PBXProject section */
		89F9253F2A4C75CA00BA8D42 /* Project object */ = {
			isa = PBXProject;
			attributes = {
				BuildIndependentTargetsInParallel = 1;
				LastSwiftUpdateCheck = 1420;
				LastUpgradeCheck = 1420;
				TargetAttributes = {
					89F925462A4C75CA00BA8D42 = {
						CreatedOnToolsVersion = 14.2;
					};
				};
			};
			buildConfigurationList = 89F925422A4C75CA00BA8D42 /* Build configuration list for PBXProject "ios-vip-pokedex" */;
			compatibilityVersion = "Xcode 14.0";
			developmentRegion = en;
			hasScannedForEncodings = 0;
			knownRegions = (
				en,
				Base,
			);
			mainGroup = 89F9253E2A4C75CA00BA8D42;
			productRefGroup = 89F925482A4C75CA00BA8D42 /* Products */;
			projectDirPath = "";
			projectRoot = "";
			targets = (
				89F925462A4C75CA00BA8D42 /* ios-vip-pokedex */,
			);
		};
/* End PBXProject section */

/* Begin PBXResourcesBuildPhase section */
		89F925452A4C75CA00BA8D42 /* Resources */ = {
			isa = PBXResourcesBuildPhase;
			buildActionMask = 2147483647;
			files = (
				89F925572A4C75CD00BA8D42 /* LaunchScreen.storyboard in Resources */,
				890BA9EB2A4F1E2E007E77F1 /* Pokemon-Hollow.ttf in Resources */,
				89F925542A4C75CD00BA8D42 /* Assets.xcassets in Resources */,
				89F9257A2A4F1C9500BA8D42 /* Pokemon-Solid.ttf in Resources */,
			);
			runOnlyForDeploymentPostprocessing = 0;
		};
/* End PBXResourcesBuildPhase section */

/* Begin PBXSourcesBuildPhase section */
		89F925432A4C75CA00BA8D42 /* Sources */ = {
			isa = PBXSourcesBuildPhase;
			buildActionMask = 2147483647;
			files = (
				890BA9EF2A4F2048007E77F1 /* FontsEnum.swift in Sources */,
				89F925712A4C8F5100BA8D42 /* HomeRouter.swift in Sources */,
				89F9254B2A4C75CA00BA8D42 /* AppDelegate.swift in Sources */,
				89F925732A4C8F5100BA8D42 /* HomeViewController.swift in Sources */,
				890BA9F42A4FBB76007E77F1 /* ApiManager.swift in Sources */,
				89F9254D2A4C75CA00BA8D42 /* SceneDelegate.swift in Sources */,
				89F925702A4C8F5100BA8D42 /* HomeWorker.swift in Sources */,
				89F925782A4F19F300BA8D42 /* PokemonTypeViewCell.swift in Sources */,
				89F925762A4F176100BA8D42 /* PokemonCardViewCell.swift in Sources */,
				89F925742A4C8F5100BA8D42 /* HomeInteractor.swift in Sources */,
				89F9256F2A4C8F5100BA8D42 /* HomePresenter.swift in Sources */,
				89F925722A4C8F5100BA8D42 /* HomeModels.swift in Sources */,
			);
			runOnlyForDeploymentPostprocessing = 0;
		};
/* End PBXSourcesBuildPhase section */

/* Begin PBXVariantGroup section */
		89F925552A4C75CD00BA8D42 /* LaunchScreen.storyboard */ = {
			isa = PBXVariantGroup;
			children = (
				89F925562A4C75CD00BA8D42 /* Base */,
			);
			name = LaunchScreen.storyboard;
			sourceTree = "<group>";
		};
/* End PBXVariantGroup section */

/* Begin XCBuildConfiguration section */
		89F925592A4C75CD00BA8D42 /* Debug */ = {
			isa = XCBuildConfiguration;
			buildSettings = {
				ALWAYS_SEARCH_USER_PATHS = NO;
				CLANG_ANALYZER_NONNULL = YES;
				CLANG_ANALYZER_NUMBER_OBJECT_CONVERSION = YES_AGGRESSIVE;
				CLANG_CXX_LANGUAGE_STANDARD = "gnu++20";
				CLANG_ENABLE_MODULES = YES;
				CLANG_ENABLE_OBJC_ARC = YES;
				CLANG_ENABLE_OBJC_WEAK = YES;
				CLANG_WARN_BLOCK_CAPTURE_AUTORELEASING = YES;
				CLANG_WARN_BOOL_CONVERSION = YES;
				CLANG_WARN_COMMA = YES;
				CLANG_WARN_CONSTANT_CONVERSION = YES;
				CLANG_WARN_DEPRECATED_OBJC_IMPLEMENTATIONS = YES;
				CLANG_WARN_DIRECT_OBJC_ISA_USAGE = YES_ERROR;
				CLANG_WARN_DOCUMENTATION_COMMENTS = YES;
				CLANG_WARN_EMPTY_BODY = YES;
				CLANG_WARN_ENUM_CONVERSION = YES;
				CLANG_WARN_INFINITE_RECURSION = YES;
				CLANG_WARN_INT_CONVERSION = YES;
				CLANG_WARN_NON_LITERAL_NULL_CONVERSION = YES;
				CLANG_WARN_OBJC_IMPLICIT_RETAIN_SELF = YES;
				CLANG_WARN_OBJC_LITERAL_CONVERSION = YES;
				CLANG_WARN_OBJC_ROOT_CLASS = YES_ERROR;
				CLANG_WARN_QUOTED_INCLUDE_IN_FRAMEWORK_HEADER = YES;
				CLANG_WARN_RANGE_LOOP_ANALYSIS = YES;
				CLANG_WARN_STRICT_PROTOTYPES = YES;
				CLANG_WARN_SUSPICIOUS_MOVE = YES;
				CLANG_WARN_UNGUARDED_AVAILABILITY = YES_AGGRESSIVE;
				CLANG_WARN_UNREACHABLE_CODE = YES;
				CLANG_WARN__DUPLICATE_METHOD_MATCH = YES;
				COPY_PHASE_STRIP = NO;
				DEBUG_INFORMATION_FORMAT = dwarf;
				ENABLE_STRICT_OBJC_MSGSEND = YES;
				ENABLE_TESTABILITY = YES;
				GCC_C_LANGUAGE_STANDARD = gnu11;
				GCC_DYNAMIC_NO_PIC = NO;
				GCC_NO_COMMON_BLOCKS = YES;
				GCC_OPTIMIZATION_LEVEL = 0;
				GCC_PREPROCESSOR_DEFINITIONS = (
					"DEBUG=1",
					"$(inherited)",
				);
				GCC_WARN_64_TO_32_BIT_CONVERSION = YES;
				GCC_WARN_ABOUT_RETURN_TYPE = YES_ERROR;
				GCC_WARN_UNDECLARED_SELECTOR = YES;
				GCC_WARN_UNINITIALIZED_AUTOS = YES_AGGRESSIVE;
				GCC_WARN_UNUSED_FUNCTION = YES;
				GCC_WARN_UNUSED_VARIABLE = YES;
				IPHONEOS_DEPLOYMENT_TARGET = 16.2;
				MTL_ENABLE_DEBUG_INFO = INCLUDE_SOURCE;
				MTL_FAST_MATH = YES;
				ONLY_ACTIVE_ARCH = YES;
				SDKROOT = iphoneos;
				SWIFT_ACTIVE_COMPILATION_CONDITIONS = DEBUG;
				SWIFT_OPTIMIZATION_LEVEL = "-Onone";
			};
			name = Debug;
		};
		89F9255A2A4C75CD00BA8D42 /* Release */ = {
			isa = XCBuildConfiguration;
			buildSettings = {
				ALWAYS_SEARCH_USER_PATHS = NO;
				CLANG_ANALYZER_NONNULL = YES;
				CLANG_ANALYZER_NUMBER_OBJECT_CONVERSION = YES_AGGRESSIVE;
				CLANG_CXX_LANGUAGE_STANDARD = "gnu++20";
				CLANG_ENABLE_MODULES = YES;
				CLANG_ENABLE_OBJC_ARC = YES;
				CLANG_ENABLE_OBJC_WEAK = YES;
				CLANG_WARN_BLOCK_CAPTURE_AUTORELEASING = YES;
				CLANG_WARN_BOOL_CONVERSION = YES;
				CLANG_WARN_COMMA = YES;
				CLANG_WARN_CONSTANT_CONVERSION = YES;
				CLANG_WARN_DEPRECATED_OBJC_IMPLEMENTATIONS = YES;
				CLANG_WARN_DIRECT_OBJC_ISA_USAGE = YES_ERROR;
				CLANG_WARN_DOCUMENTATION_COMMENTS = YES;
				CLANG_WARN_EMPTY_BODY = YES;
				CLANG_WARN_ENUM_CONVERSION = YES;
				CLANG_WARN_INFINITE_RECURSION = YES;
				CLANG_WARN_INT_CONVERSION = YES;
				CLANG_WARN_NON_LITERAL_NULL_CONVERSION = YES;
				CLANG_WARN_OBJC_IMPLICIT_RETAIN_SELF = YES;
				CLANG_WARN_OBJC_LITERAL_CONVERSION = YES;
				CLANG_WARN_OBJC_ROOT_CLASS = YES_ERROR;
				CLANG_WARN_QUOTED_INCLUDE_IN_FRAMEWORK_HEADER = YES;
				CLANG_WARN_RANGE_LOOP_ANALYSIS = YES;
				CLANG_WARN_STRICT_PROTOTYPES = YES;
				CLANG_WARN_SUSPICIOUS_MOVE = YES;
				CLANG_WARN_UNGUARDED_AVAILABILITY = YES_AGGRESSIVE;
				CLANG_WARN_UNREACHABLE_CODE = YES;
				CLANG_WARN__DUPLICATE_METHOD_MATCH = YES;
				COPY_PHASE_STRIP = NO;
				DEBUG_INFORMATION_FORMAT = "dwarf-with-dsym";
				ENABLE_NS_ASSERTIONS = NO;
				ENABLE_STRICT_OBJC_MSGSEND = YES;
				GCC_C_LANGUAGE_STANDARD = gnu11;
				GCC_NO_COMMON_BLOCKS = YES;
				GCC_WARN_64_TO_32_BIT_CONVERSION = YES;
				GCC_WARN_ABOUT_RETURN_TYPE = YES_ERROR;
				GCC_WARN_UNDECLARED_SELECTOR = YES;
				GCC_WARN_UNINITIALIZED_AUTOS = YES_AGGRESSIVE;
				GCC_WARN_UNUSED_FUNCTION = YES;
				GCC_WARN_UNUSED_VARIABLE = YES;
				IPHONEOS_DEPLOYMENT_TARGET = 16.2;
				MTL_ENABLE_DEBUG_INFO = NO;
				MTL_FAST_MATH = YES;
				SDKROOT = iphoneos;
				SWIFT_COMPILATION_MODE = wholemodule;
				SWIFT_OPTIMIZATION_LEVEL = "-O";
				VALIDATE_PRODUCT = YES;
			};
			name = Release;
		};
		89F9255C2A4C75CD00BA8D42 /* Debug */ = {
			isa = XCBuildConfiguration;
			buildSettings = {
				ASSETCATALOG_COMPILER_APPICON_NAME = AppIcon;
				ASSETCATALOG_COMPILER_GLOBAL_ACCENT_COLOR_NAME = AccentColor;
				CODE_SIGN_STYLE = Automatic;
				CURRENT_PROJECT_VERSION = 1;
				DEVELOPMENT_TEAM = CWWB8679GU;
				GENERATE_INFOPLIST_FILE = YES;
				INFOPLIST_FILE = "ios-vip-pokedex/Info.plist";
				INFOPLIST_KEY_UIApplicationSupportsIndirectInputEvents = YES;
				INFOPLIST_KEY_UILaunchStoryboardName = LaunchScreen;
				INFOPLIST_KEY_UISupportedInterfaceOrientations_iPhone = "UIInterfaceOrientationPortrait UIInterfaceOrientationLandscapeLeft UIInterfaceOrientationLandscapeRight";
				INFOPLIST_KEY_UIUserInterfaceStyle = Light;
				LD_RUNPATH_SEARCH_PATHS = (
					"$(inherited)",
					"@executable_path/Frameworks",
				);
				MARKETING_VERSION = 1.0;
				PRODUCT_BUNDLE_IDENTIFIER = "com.angelcomp.ios-vip-pokedex";
				PRODUCT_NAME = "$(TARGET_NAME)";
				SWIFT_EMIT_LOC_STRINGS = YES;
				SWIFT_VERSION = 5.0;
				TARGETED_DEVICE_FAMILY = "1,2";
			};
			name = Debug;
		};
		89F9255D2A4C75CD00BA8D42 /* Release */ = {
			isa = XCBuildConfiguration;
			buildSettings = {
				ASSETCATALOG_COMPILER_APPICON_NAME = AppIcon;
				ASSETCATALOG_COMPILER_GLOBAL_ACCENT_COLOR_NAME = AccentColor;
				CODE_SIGN_STYLE = Automatic;
				CURRENT_PROJECT_VERSION = 1;
				DEVELOPMENT_TEAM = CWWB8679GU;
				GENERATE_INFOPLIST_FILE = YES;
				INFOPLIST_FILE = "ios-vip-pokedex/Info.plist";
				INFOPLIST_KEY_UIApplicationSupportsIndirectInputEvents = YES;
				INFOPLIST_KEY_UILaunchStoryboardName = LaunchScreen;
				INFOPLIST_KEY_UISupportedInterfaceOrientations_iPhone = "UIInterfaceOrientationPortrait UIInterfaceOrientationLandscapeLeft UIInterfaceOrientationLandscapeRight";
				INFOPLIST_KEY_UIUserInterfaceStyle = Light;
				LD_RUNPATH_SEARCH_PATHS = (
					"$(inherited)",
					"@executable_path/Frameworks",
				);
				MARKETING_VERSION = 1.0;
				PRODUCT_BUNDLE_IDENTIFIER = "com.angelcomp.ios-vip-pokedex";
				PRODUCT_NAME = "$(TARGET_NAME)";
				SWIFT_EMIT_LOC_STRINGS = YES;
				SWIFT_VERSION = 5.0;
				TARGETED_DEVICE_FAMILY = "1,2";
			};
			name = Release;
		};
/* End XCBuildConfiguration section */

/* Begin XCConfigurationList section */
		89F925422A4C75CA00BA8D42 /* Build configuration list for PBXProject "ios-vip-pokedex" */ = {
			isa = XCConfigurationList;
			buildConfigurations = (
				89F925592A4C75CD00BA8D42 /* Debug */,
				89F9255A2A4C75CD00BA8D42 /* Release */,
			);
			defaultConfigurationIsVisible = 0;
			defaultConfigurationName = Release;
		};
		89F9255B2A4C75CD00BA8D42 /* Build configuration list for PBXNativeTarget "ios-vip-pokedex" */ = {
			isa = XCConfigurationList;
			buildConfigurations = (
				89F9255C2A4C75CD00BA8D42 /* Debug */,
				89F9255D2A4C75CD00BA8D42 /* Release */,
			);
			defaultConfigurationIsVisible = 0;
			defaultConfigurationName = Release;
		};
/* End XCConfigurationList section */
	};
	rootObject = 89F9253F2A4C75CA00BA8D42 /* Project object */;
}
